
Microsoft Visual Studio Solution File, Format Version 12.00
# Visual Studio Version 17
VisualStudioVersion = 17.13.35825.156
MinimumVisualStudioVersion = 10.0.40219.1
Project("{FAE04EC0-301F-11D3-BF4B-00C04F79EFBC}") = "LoginPrueba", "LoginPrueba\LoginPrueba.csproj", "{3BBAAD64-2ACC-439F-8202-740457AC96FB}"
EndProject
Project("{FAE04EC0-301F-11D3-BF4B-00C04F79EFBC}") = "BBL", "BBL\BBL.csproj", "{C0C97DA2-3018-4AA5-84CC-5055F278FA9E}"
EndProject
Project("{FAE04EC0-301F-11D3-BF4B-00C04F79EFBC}") = "DAL", "DAL\DAL.csproj", "{19FDDE37-B8A0-4F57-AF8D-7418587935AD}"
EndProject
Global
	GlobalSection(SolutionConfigurationPlatforms) = preSolution
		Debug|Any CPU = Debug|Any CPU
		Release|Any CPU = Release|Any CPU
	EndGlobalSection
	GlobalSection(ProjectConfigurationPlatforms) = postSolution
		{3BBAAD64-2ACC-439F-8202-740457AC96FB}.Debug|Any CPU.ActiveCfg = Debug|Any CPU
		{3BBAAD64-2ACC-439F-8202-740457AC96FB}.Debug|Any CPU.Build.0 = Debug|Any CPU
		{3BBAAD64-2ACC-439F-8202-740457AC96FB}.Release|Any CPU.ActiveCfg = Release|Any CPU
		{3BBAAD64-2ACC-439F-8202-740457AC96FB}.Release|Any CPU.Build.0 = Release|Any CPU
		{C0C97DA2-3018-4AA5-84CC-5055F278FA9E}.Debug|Any CPU.ActiveCfg = Debug|Any CPU
		{C0C97DA2-3018-4AA5-84CC-5055F278FA9E}.Debug|Any CPU.Build.0 = Debug|Any CPU
		{C0C97DA2-3018-4AA5-84CC-5055F278FA9E}.Release|Any CPU.ActiveCfg = Release|Any CPU
		{C0C97DA2-3018-4AA5-84CC-5055F278FA9E}.Release|Any CPU.Build.0 = Release|Any CPU
		{19FDDE37-B8A0-4F57-AF8D-7418587935AD}.Debug|Any CPU.ActiveCfg = Debug|Any CPU
		{19FDDE37-B8A0-4F57-AF8D-7418587935AD}.Debug|Any CPU.Build.0 = Debug|Any CPU
		{19FDDE37-B8A0-4F57-AF8D-7418587935AD}.Release|Any CPU.ActiveCfg = Release|Any CPU
		{19FDDE37-B8A0-4F57-AF8D-7418587935AD}.Release|Any CPU.Build.0 = Release|Any CPU
	EndGlobalSection
	GlobalSection(SolutionProperties) = preSolution
		HideSolutionNode = FALSE
	EndGlobalSection
	GlobalSection(ExtensibilityGlobals) = postSolution
		SolutionGuid = {F5F64C59-E085-4E91-AD47-358F5FE69965}
	EndGlobalSection
EndGlobal
